// !$*UTF8*$!
{
	archiveVersion = 1;
	classes = {
	};
	objectVersion = 50;
	objects = {

/* Begin PBXBuildFile section */
		8BD42D0526601C0B003014E0 /* Interruptor.swift in Sources */ = {isa = PBXBuildFile; fileRef = 8BD42D0426601C0B003014E0 /* Interruptor.swift */; };
		9725694926791CD0004A8395 /* clickMaleta.mp3 in Resources */ = {isa = PBXBuildFile; fileRef = 9725694626791CD0004A8395 /* clickMaleta.mp3 */; };
		9725694A26791CD0004A8395 /* roda.mp3 in Resources */ = {isa = PBXBuildFile; fileRef = 9725694726791CD0004A8395 /* roda.mp3 */; };
		9725694B26791CD0004A8395 /* clickCofre.mp3 in Resources */ = {isa = PBXBuildFile; fileRef = 9725694826791CD0004A8395 /* clickCofre.mp3 */; };
		977FD89C265C1C73009FCC76 /* Esteira.swift in Sources */ = {isa = PBXBuildFile; fileRef = 977FD89B265C1C73009FCC76 /* Esteira.swift */; };
		97C02AB52674060200EDEF9E /* botao.mp3 in Resources */ = {isa = PBXBuildFile; fileRef = 97C02AAF2674060100EDEF9E /* botao.mp3 */; };
		97C02AB62674060200EDEF9E /* ligado.mp3 in Resources */ = {isa = PBXBuildFile; fileRef = 97C02AB02674060100EDEF9E /* ligado.mp3 */; };
		97C02AB72674060200EDEF9E /* tic.mp3 in Resources */ = {isa = PBXBuildFile; fileRef = 97C02AB12674060100EDEF9E /* tic.mp3 */; };
		97C02AB82674060200EDEF9E /* tictac.mp3 in Resources */ = {isa = PBXBuildFile; fileRef = 97C02AB22674060100EDEF9E /* tictac.mp3 */; };
		97C02AB92674060200EDEF9E /* esteira.mp3 in Resources */ = {isa = PBXBuildFile; fileRef = 97C02AB32674060200EDEF9E /* esteira.mp3 */; };
		97C02ABA2674060200EDEF9E /* desligado.mp3 in Resources */ = {isa = PBXBuildFile; fileRef = 97C02AB42674060200EDEF9E /* desligado.mp3 */; };
		97C56DD026728EB70071E727 /* background.mp3 in Resources */ = {isa = PBXBuildFile; fileRef = 97C56DCF26728EB70071E727 /* background.mp3 */; };
		B618C1562666C0430046986A /* Menu.swift in Sources */ = {isa = PBXBuildFile; fileRef = B618C1552666C0430046986A /* Menu.swift */; };
		B62C380A265833C900C08E51 /* Oswald-VariableFont_wght.ttf in Resources */ = {isa = PBXBuildFile; fileRef = B62C3808265828D200C08E51 /* Oswald-VariableFont_wght.ttf */; };
		B62C3816265C387700C08E51 /* Relogio.swift in Sources */ = {isa = PBXBuildFile; fileRef = B62C3815265C387700C08E51 /* Relogio.swift */; };
		B62C3819265D92BA00C08E51 /* Rodas.swift in Sources */ = {isa = PBXBuildFile; fileRef = B62C3818265D92BA00C08E51 /* Rodas.swift */; };
		B641141626714313005D2D12 /* Manual.swift in Sources */ = {isa = PBXBuildFile; fileRef = B641141526714313005D2D12 /* Manual.swift */; };
		B6F165D626544272005F9C03 /* AppDelegate.swift in Sources */ = {isa = PBXBuildFile; fileRef = B6F165D526544272005F9C03 /* AppDelegate.swift */; };
		B6F165D826544272005F9C03 /* GameScene.sks in Resources */ = {isa = PBXBuildFile; fileRef = B6F165D726544272005F9C03 /* GameScene.sks */; };
		B6F165DA26544272005F9C03 /* Actions.sks in Resources */ = {isa = PBXBuildFile; fileRef = B6F165D926544272005F9C03 /* Actions.sks */; };
		B6F165DC26544272005F9C03 /* GameScene.swift in Sources */ = {isa = PBXBuildFile; fileRef = B6F165DB26544272005F9C03 /* GameScene.swift */; };
		B6F165DE26544272005F9C03 /* GameViewController.swift in Sources */ = {isa = PBXBuildFile; fileRef = B6F165DD26544272005F9C03 /* GameViewController.swift */; };
		B6F165E126544272005F9C03 /* Main.storyboard in Resources */ = {isa = PBXBuildFile; fileRef = B6F165DF26544272005F9C03 /* Main.storyboard */; };
		B6F165E32654427D005F9C03 /* Assets.xcassets in Resources */ = {isa = PBXBuildFile; fileRef = B6F165E22654427D005F9C03 /* Assets.xcassets */; };
		B6F165EE265591FE005F9C03 /* LabirintoScene.swift in Sources */ = {isa = PBXBuildFile; fileRef = B6F165ED265591FD005F9C03 /* LabirintoScene.swift */; };
		B6F165F32656D9F9005F9C03 /* Letras.swift in Sources */ = {isa = PBXBuildFile; fileRef = B6F165F22656D9F9005F9C03 /* Letras.swift */; };
/* End PBXBuildFile section */

/* Begin PBXFileReference section */
		8BD42D0426601C0B003014E0 /* Interruptor.swift */ = {isa = PBXFileReference; lastKnownFileType = sourcecode.swift; path = Interruptor.swift; sourceTree = "<group>"; };
		9725694626791CD0004A8395 /* clickMaleta.mp3 */ = {isa = PBXFileReference; lastKnownFileType = audio.mp3; path = clickMaleta.mp3; sourceTree = "<group>"; };
		9725694726791CD0004A8395 /* roda.mp3 */ = {isa = PBXFileReference; lastKnownFileType = audio.mp3; path = roda.mp3; sourceTree = "<group>"; };
		9725694826791CD0004A8395 /* clickCofre.mp3 */ = {isa = PBXFileReference; lastKnownFileType = audio.mp3; path = clickCofre.mp3; sourceTree = "<group>"; };
		977FD89B265C1C73009FCC76 /* Esteira.swift */ = {isa = PBXFileReference; fileEncoding = 4; lastKnownFileType = sourcecode.swift; path = Esteira.swift; sourceTree = "<group>"; };
		97C02AAF2674060100EDEF9E /* botao.mp3 */ = {isa = PBXFileReference; lastKnownFileType = audio.mp3; path = botao.mp3; sourceTree = "<group>"; };
		97C02AB02674060100EDEF9E /* ligado.mp3 */ = {isa = PBXFileReference; lastKnownFileType = audio.mp3; path = ligado.mp3; sourceTree = "<group>"; };
		97C02AB12674060100EDEF9E /* tic.mp3 */ = {isa = PBXFileReference; lastKnownFileType = audio.mp3; path = tic.mp3; sourceTree = "<group>"; };
		97C02AB22674060100EDEF9E /* tictac.mp3 */ = {isa = PBXFileReference; lastKnownFileType = audio.mp3; path = tictac.mp3; sourceTree = "<group>"; };
		97C02AB32674060200EDEF9E /* esteira.mp3 */ = {isa = PBXFileReference; lastKnownFileType = audio.mp3; path = esteira.mp3; sourceTree = "<group>"; };
		97C02AB42674060200EDEF9E /* desligado.mp3 */ = {isa = PBXFileReference; lastKnownFileType = audio.mp3; path = desligado.mp3; sourceTree = "<group>"; };
		97C56DCF26728EB70071E727 /* background.mp3 */ = {isa = PBXFileReference; lastKnownFileType = audio.mp3; path = background.mp3; sourceTree = "<group>"; };
		B618C1552666C0430046986A /* Menu.swift */ = {isa = PBXFileReference; lastKnownFileType = sourcecode.swift; path = Menu.swift; sourceTree = "<group>"; };
		B62C3808265828D200C08E51 /* Oswald-VariableFont_wght.ttf */ = {isa = PBXFileReference; lastKnownFileType = file; name = "Oswald-VariableFont_wght.ttf"; path = "Tipografia/Oswald-VariableFont_wght.ttf"; sourceTree = SOURCE_ROOT; };
		B62C3815265C387700C08E51 /* Relogio.swift */ = {isa = PBXFileReference; lastKnownFileType = sourcecode.swift; path = Relogio.swift; sourceTree = "<group>"; };
		B62C3818265D92BA00C08E51 /* Rodas.swift */ = {isa = PBXFileReference; lastKnownFileType = sourcecode.swift; path = Rodas.swift; sourceTree = "<group>"; };
		B641141526714313005D2D12 /* Manual.swift */ = {isa = PBXFileReference; lastKnownFileType = sourcecode.swift; path = Manual.swift; sourceTree = "<group>"; };
		B6F165D226544272005F9C03 /* LockLine.app */ = {isa = PBXFileReference; explicitFileType = wrapper.application; includeInIndex = 0; path = LockLine.app; sourceTree = BUILT_PRODUCTS_DIR; };
		B6F165D526544272005F9C03 /* AppDelegate.swift */ = {isa = PBXFileReference; lastKnownFileType = sourcecode.swift; path = AppDelegate.swift; sourceTree = "<group>"; };
		B6F165D726544272005F9C03 /* GameScene.sks */ = {isa = PBXFileReference; lastKnownFileType = file.sks; path = GameScene.sks; sourceTree = "<group>"; };
		B6F165D926544272005F9C03 /* Actions.sks */ = {isa = PBXFileReference; lastKnownFileType = file.sks; path = Actions.sks; sourceTree = "<group>"; };
		B6F165DB26544272005F9C03 /* GameScene.swift */ = {isa = PBXFileReference; lastKnownFileType = sourcecode.swift; path = GameScene.swift; sourceTree = "<group>"; };
		B6F165DD26544272005F9C03 /* GameViewController.swift */ = {isa = PBXFileReference; lastKnownFileType = sourcecode.swift; path = GameViewController.swift; sourceTree = "<group>"; };
		B6F165E026544272005F9C03 /* Base */ = {isa = PBXFileReference; lastKnownFileType = file.storyboard; name = Base; path = Base.lproj/Main.storyboard; sourceTree = "<group>"; };
		B6F165E22654427D005F9C03 /* Assets.xcassets */ = {isa = PBXFileReference; lastKnownFileType = folder.assetcatalog; path = Assets.xcassets; sourceTree = "<group>"; };
		B6F165E42654427D005F9C03 /* Info.plist */ = {isa = PBXFileReference; lastKnownFileType = text.plist.xml; path = Info.plist; sourceTree = "<group>"; };
		B6F165ED265591FD005F9C03 /* LabirintoScene.swift */ = {isa = PBXFileReference; lastKnownFileType = sourcecode.swift; path = LabirintoScene.swift; sourceTree = "<group>"; };
		B6F165F22656D9F9005F9C03 /* Letras.swift */ = {isa = PBXFileReference; lastKnownFileType = sourcecode.swift; path = Letras.swift; sourceTree = "<group>"; };
/* End PBXFileReference section */

/* Begin PBXFrameworksBuildPhase section */
		B6F165CF26544272005F9C03 /* Frameworks */ = {
			isa = PBXFrameworksBuildPhase;
			buildActionMask = 2147483647;
			files = (
			);
			runOnlyForDeploymentPostprocessing = 0;
		};
/* End PBXFrameworksBuildPhase section */

/* Begin PBXGroup section */
		97B2ABB926714BC80082AE8B /* Sons */ = {
			isa = PBXGroup;
			children = (
				97C02AAF2674060100EDEF9E /* botao.mp3 */,
				97C02AB42674060200EDEF9E /* desligado.mp3 */,
				97C02AB32674060200EDEF9E /* esteira.mp3 */,
				97C02AB02674060100EDEF9E /* ligado.mp3 */,
				9725694826791CD0004A8395 /* clickCofre.mp3 */,
				9725694626791CD0004A8395 /* clickMaleta.mp3 */,
				9725694726791CD0004A8395 /* roda.mp3 */,
				97C02AB12674060100EDEF9E /* tic.mp3 */,
				97C02AB22674060100EDEF9E /* tictac.mp3 */,
				97C56DCF26728EB70071E727 /* background.mp3 */,
			);
			path = Sons;
			sourceTree = "<group>";
		};
		B62C3807265828B500C08E51 /* fonts */ = {
			isa = PBXGroup;
			children = (
				B62C3808265828D200C08E51 /* Oswald-VariableFont_wght.ttf */,
			);
			path = fonts;
			sourceTree = "<group>";
		};
		B6F165C926544272005F9C03 = {
			isa = PBXGroup;
			children = (
				B6F165D426544272005F9C03 /* LockLine */,
				B6F165D326544272005F9C03 /* Products */,
			);
			sourceTree = "<group>";
		};
		B6F165D326544272005F9C03 /* Products */ = {
			isa = PBXGroup;
			children = (
				B6F165D226544272005F9C03 /* LockLine.app */,
			);
			name = Products;
			sourceTree = "<group>";
		};
		B6F165D426544272005F9C03 /* LockLine */ = {
			isa = PBXGroup;
			children = (
				97B2ABB926714BC80082AE8B /* Sons */,
				B62C3807265828B500C08E51 /* fonts */,
				B6F165F02656D976005F9C03 /* Fases */,
				B6F165D526544272005F9C03 /* AppDelegate.swift */,
				B6F165D726544272005F9C03 /* GameScene.sks */,
				B6F165D926544272005F9C03 /* Actions.sks */,
				B6F165DB26544272005F9C03 /* GameScene.swift */,
				B6F165DD26544272005F9C03 /* GameViewController.swift */,
				B6F165DF26544272005F9C03 /* Main.storyboard */,
				B6F165E22654427D005F9C03 /* Assets.xcassets */,
				B6F165E42654427D005F9C03 /* Info.plist */,
			);
			path = LockLine;
			sourceTree = "<group>";
		};
		B6F165F02656D976005F9C03 /* Fases */ = {
			isa = PBXGroup;
			children = (
				977FD89B265C1C73009FCC76 /* Esteira.swift */,
				B6F165ED265591FD005F9C03 /* LabirintoScene.swift */,
				B6F165F22656D9F9005F9C03 /* Letras.swift */,
				B62C3815265C387700C08E51 /* Relogio.swift */,
				B62C3818265D92BA00C08E51 /* Rodas.swift */,
				8BD42D0426601C0B003014E0 /* Interruptor.swift */,
				B618C1552666C0430046986A /* Menu.swift */,
				B641141526714313005D2D12 /* Manual.swift */,
			);
			path = Fases;
			sourceTree = "<group>";
		};
/* End PBXGroup section */

/* Begin PBXNativeTarget section */
		B6F165D126544272005F9C03 /* LockLine */ = {
			isa = PBXNativeTarget;
			buildConfigurationList = B6F165E72654427D005F9C03 /* Build configuration list for PBXNativeTarget "LockLine" */;
			buildPhases = (
				B6F165CE26544272005F9C03 /* Sources */,
				B6F165CF26544272005F9C03 /* Frameworks */,
				B6F165D026544272005F9C03 /* Resources */,
			);
			buildRules = (
			);
			dependencies = (
			);
			name = LockLine;
			productName = LockLine;
			productReference = B6F165D226544272005F9C03 /* LockLine.app */;
			productType = "com.apple.product-type.application";
		};
/* End PBXNativeTarget section */

/* Begin PBXProject section */
		B6F165CA26544272005F9C03 /* Project object */ = {
			isa = PBXProject;
			attributes = {
				LastSwiftUpdateCheck = 1240;
				LastUpgradeCheck = 1240;
				TargetAttributes = {
					B6F165D126544272005F9C03 = {
						CreatedOnToolsVersion = 12.4;
					};
				};
			};
			buildConfigurationList = B6F165CD26544272005F9C03 /* Build configuration list for PBXProject "LockLine" */;
			compatibilityVersion = "Xcode 9.3";
			developmentRegion = en;
			hasScannedForEncodings = 0;
			knownRegions = (
				en,
				Base,
			);
			mainGroup = B6F165C926544272005F9C03;
			productRefGroup = B6F165D326544272005F9C03 /* Products */;
			projectDirPath = "";
			projectRoot = "";
			targets = (
				B6F165D126544272005F9C03 /* LockLine */,
			);
		};
/* End PBXProject section */

/* Begin PBXResourcesBuildPhase section */
		B6F165D026544272005F9C03 /* Resources */ = {
			isa = PBXResourcesBuildPhase;
			buildActionMask = 2147483647;
			files = (
				9725694A26791CD0004A8395 /* roda.mp3 in Resources */,
				97C02AB62674060200EDEF9E /* ligado.mp3 in Resources */,
				97C02AB52674060200EDEF9E /* botao.mp3 in Resources */,
				B6F165E126544272005F9C03 /* Main.storyboard in Resources */,
				97C02ABA2674060200EDEF9E /* desligado.mp3 in Resources */,
				9725694926791CD0004A8395 /* clickMaleta.mp3 in Resources */,
				97C02AB72674060200EDEF9E /* tic.mp3 in Resources */,
				97C02AB92674060200EDEF9E /* esteira.mp3 in Resources */,
				97C02AB82674060200EDEF9E /* tictac.mp3 in Resources */,
				B6F165D826544272005F9C03 /* GameScene.sks in Resources */,
				9725694B26791CD0004A8395 /* clickCofre.mp3 in Resources */,
				B6F165E32654427D005F9C03 /* Assets.xcassets in Resources */,
				97C56DD026728EB70071E727 /* background.mp3 in Resources */,
				B62C380A265833C900C08E51 /* Oswald-VariableFont_wght.ttf in Resources */,
				B6F165DA26544272005F9C03 /* Actions.sks in Resources */,
			);
			runOnlyForDeploymentPostprocessing = 0;
		};
/* End PBXResourcesBuildPhase section */

/* Begin PBXSourcesBuildPhase section */
		B6F165CE26544272005F9C03 /* Sources */ = {
			isa = PBXSourcesBuildPhase;
			buildActionMask = 2147483647;
			files = (
				B641141626714313005D2D12 /* Manual.swift in Sources */,
				B6F165F32656D9F9005F9C03 /* Letras.swift in Sources */,
				977FD89C265C1C73009FCC76 /* Esteira.swift in Sources */,
				B6F165DC26544272005F9C03 /* GameScene.swift in Sources */,
				8BD42D0526601C0B003014E0 /* Interruptor.swift in Sources */,
				B6F165EE265591FE005F9C03 /* LabirintoScene.swift in Sources */,
				B62C3816265C387700C08E51 /* Relogio.swift in Sources */,
				B62C3819265D92BA00C08E51 /* Rodas.swift in Sources */,
				B618C1562666C0430046986A /* Menu.swift in Sources */,
				B6F165DE26544272005F9C03 /* GameViewController.swift in Sources */,
				B6F165D626544272005F9C03 /* AppDelegate.swift in Sources */,
			);
			runOnlyForDeploymentPostprocessing = 0;
		};
/* End PBXSourcesBuildPhase section */

/* Begin PBXVariantGroup section */
		B6F165DF26544272005F9C03 /* Main.storyboard */ = {
			isa = PBXVariantGroup;
			children = (
				B6F165E026544272005F9C03 /* Base */,
			);
			name = Main.storyboard;
			sourceTree = "<group>";
		};
/* End PBXVariantGroup section */

/* Begin XCBuildConfiguration section */
		B6F165E52654427D005F9C03 /* Debug */ = {
			isa = XCBuildConfiguration;
			buildSettings = {
				ALWAYS_SEARCH_USER_PATHS = NO;
				CLANG_ANALYZER_NONNULL = YES;
				CLANG_ANALYZER_NUMBER_OBJECT_CONVERSION = YES_AGGRESSIVE;
				CLANG_CXX_LANGUAGE_STANDARD = "gnu++14";
				CLANG_CXX_LIBRARY = "libc++";
				CLANG_ENABLE_MODULES = YES;
				CLANG_ENABLE_OBJC_ARC = YES;
				CLANG_ENABLE_OBJC_WEAK = YES;
				CLANG_WARN_BLOCK_CAPTURE_AUTORELEASING = YES;
				CLANG_WARN_BOOL_CONVERSION = YES;
				CLANG_WARN_COMMA = YES;
				CLANG_WARN_CONSTANT_CONVERSION = YES;
				CLANG_WARN_DEPRECATED_OBJC_IMPLEMENTATIONS = YES;
				CLANG_WARN_DIRECT_OBJC_ISA_USAGE = YES_ERROR;
				CLANG_WARN_DOCUMENTATION_COMMENTS = YES;
				CLANG_WARN_EMPTY_BODY = YES;
				CLANG_WARN_ENUM_CONVERSION = YES;
				CLANG_WARN_INFINITE_RECURSION = YES;
				CLANG_WARN_INT_CONVERSION = YES;
				CLANG_WARN_NON_LITERAL_NULL_CONVERSION = YES;
				CLANG_WARN_OBJC_IMPLICIT_RETAIN_SELF = YES;
				CLANG_WARN_OBJC_LITERAL_CONVERSION = YES;
				CLANG_WARN_OBJC_ROOT_CLASS = YES_ERROR;
				CLANG_WARN_QUOTED_INCLUDE_IN_FRAMEWORK_HEADER = YES;
				CLANG_WARN_RANGE_LOOP_ANALYSIS = YES;
				CLANG_WARN_STRICT_PROTOTYPES = YES;
				CLANG_WARN_SUSPICIOUS_MOVE = YES;
				CLANG_WARN_UNGUARDED_AVAILABILITY = YES_AGGRESSIVE;
				CLANG_WARN_UNREACHABLE_CODE = YES;
				CLANG_WARN__DUPLICATE_METHOD_MATCH = YES;
				COPY_PHASE_STRIP = NO;
				DEBUG_INFORMATION_FORMAT = dwarf;
				ENABLE_STRICT_OBJC_MSGSEND = YES;
				ENABLE_TESTABILITY = YES;
				GCC_C_LANGUAGE_STANDARD = gnu11;
				GCC_DYNAMIC_NO_PIC = NO;
				GCC_NO_COMMON_BLOCKS = YES;
				GCC_OPTIMIZATION_LEVEL = 0;
				GCC_PREPROCESSOR_DEFINITIONS = (
					"DEBUG=1",
					"$(inherited)",
				);
				GCC_WARN_64_TO_32_BIT_CONVERSION = YES;
				GCC_WARN_ABOUT_RETURN_TYPE = YES_ERROR;
				GCC_WARN_UNDECLARED_SELECTOR = YES;
				GCC_WARN_UNINITIALIZED_AUTOS = YES_AGGRESSIVE;
				GCC_WARN_UNUSED_FUNCTION = YES;
				GCC_WARN_UNUSED_VARIABLE = YES;
				IPHONEOS_DEPLOYMENT_TARGET = 14.4;
				MTL_ENABLE_DEBUG_INFO = INCLUDE_SOURCE;
				MTL_FAST_MATH = YES;
				ONLY_ACTIVE_ARCH = YES;
				SDKROOT = iphoneos;
				SWIFT_ACTIVE_COMPILATION_CONDITIONS = DEBUG;
				SWIFT_OPTIMIZATION_LEVEL = "-Onone";
			};
			name = Debug;
		};
		B6F165E62654427D005F9C03 /* Release */ = {
			isa = XCBuildConfiguration;
			buildSettings = {
				ALWAYS_SEARCH_USER_PATHS = NO;
				CLANG_ANALYZER_NONNULL = YES;
				CLANG_ANALYZER_NUMBER_OBJECT_CONVERSION = YES_AGGRESSIVE;
				CLANG_CXX_LANGUAGE_STANDARD = "gnu++14";
				CLANG_CXX_LIBRARY = "libc++";
				CLANG_ENABLE_MODULES = YES;
				CLANG_ENABLE_OBJC_ARC = YES;
				CLANG_ENABLE_OBJC_WEAK = YES;
				CLANG_WARN_BLOCK_CAPTURE_AUTORELEASING = YES;
				CLANG_WARN_BOOL_CONVERSION = YES;
				CLANG_WARN_COMMA = YES;
				CLANG_WARN_CONSTANT_CONVERSION = YES;
				CLANG_WARN_DEPRECATED_OBJC_IMPLEMENTATIONS = YES;
				CLANG_WARN_DIRECT_OBJC_ISA_USAGE = YES_ERROR;
				CLANG_WARN_DOCUMENTATION_COMMENTS = YES;
				CLANG_WARN_EMPTY_BODY = YES;
				CLANG_WARN_ENUM_CONVERSION = YES;
				CLANG_WARN_INFINITE_RECURSION = YES;
				CLANG_WARN_INT_CONVERSION = YES;
				CLANG_WARN_NON_LITERAL_NULL_CONVERSION = YES;
				CLANG_WARN_OBJC_IMPLICIT_RETAIN_SELF = YES;
				CLANG_WARN_OBJC_LITERAL_CONVERSION = YES;
				CLANG_WARN_OBJC_ROOT_CLASS = YES_ERROR;
				CLANG_WARN_QUOTED_INCLUDE_IN_FRAMEWORK_HEADER = YES;
				CLANG_WARN_RANGE_LOOP_ANALYSIS = YES;
				CLANG_WARN_STRICT_PROTOTYPES = YES;
				CLANG_WARN_SUSPICIOUS_MOVE = YES;
				CLANG_WARN_UNGUARDED_AVAILABILITY = YES_AGGRESSIVE;
				CLANG_WARN_UNREACHABLE_CODE = YES;
				CLANG_WARN__DUPLICATE_METHOD_MATCH = YES;
				COPY_PHASE_STRIP = NO;
				DEBUG_INFORMATION_FORMAT = "dwarf-with-dsym";
				ENABLE_NS_ASSERTIONS = NO;
				ENABLE_STRICT_OBJC_MSGSEND = YES;
				GCC_C_LANGUAGE_STANDARD = gnu11;
				GCC_NO_COMMON_BLOCKS = YES;
				GCC_WARN_64_TO_32_BIT_CONVERSION = YES;
				GCC_WARN_ABOUT_RETURN_TYPE = YES_ERROR;
				GCC_WARN_UNDECLARED_SELECTOR = YES;
				GCC_WARN_UNINITIALIZED_AUTOS = YES_AGGRESSIVE;
				GCC_WARN_UNUSED_FUNCTION = YES;
				GCC_WARN_UNUSED_VARIABLE = YES;
				IPHONEOS_DEPLOYMENT_TARGET = 14.4;
				MTL_ENABLE_DEBUG_INFO = NO;
				MTL_FAST_MATH = YES;
				SDKROOT = iphoneos;
				SWIFT_COMPILATION_MODE = wholemodule;
				SWIFT_OPTIMIZATION_LEVEL = "-O";
				VALIDATE_PRODUCT = YES;
			};
			name = Release;
		};
		B6F165E82654427D005F9C03 /* Debug */ = {
			isa = XCBuildConfiguration;
			buildSettings = {
				ASSETCATALOG_COMPILER_APPICON_NAME = AppIcon;
				ASSETCATALOG_COMPILER_GLOBAL_ACCENT_COLOR_NAME = AccentColor;
				CODE_SIGN_STYLE = Automatic;
				CURRENT_PROJECT_VERSION = 3;
				DEVELOPMENT_TEAM = TW79TC69P4;
				INFOPLIST_FILE = LockLine/Info.plist;
				IPHONEOS_DEPLOYMENT_TARGET = 14.4;
				LD_RUNPATH_SEARCH_PATHS = (
					"$(inherited)",
					"@executable_path/Frameworks",
				);
				PRODUCT_BUNDLE_IDENTIFIER = com.AcademySenac.grupo3.LockLine;
				PRODUCT_NAME = "$(TARGET_NAME)";
				SWIFT_VERSION = 5.0;
				TARGETED_DEVICE_FAMILY = 1;
			};
			name = Debug;
		};
		B6F165E92654427D005F9C03 /* Release */ = {
			isa = XCBuildConfiguration;
			buildSettings = {
				ASSETCATALOG_COMPILER_APPICON_NAME = AppIcon;
				ASSETCATALOG_COMPILER_GLOBAL_ACCENT_COLOR_NAME = AccentColor;
				CODE_SIGN_STYLE = Automatic;
				CURRENT_PROJECT_VERSION = 3;
				DEVELOPMENT_TEAM = TW79TC69P4;
				INFOPLIST_FILE = LockLine/Info.plist;
				IPHONEOS_DEPLOYMENT_TARGET = 14.4;
				LD_RUNPATH_SEARCH_PATHS = (
					"$(inherited)",
					"@executable_path/Frameworks",
				);
				PRODUCT_BUNDLE_IDENTIFIER = com.AcademySenac.grupo3.LockLine;
				PRODUCT_NAME = "$(TARGET_NAME)";
				SWIFT_VERSION = 5.0;
				TARGETED_DEVICE_FAMILY = 1;
			};
			name = Release;
		};
/* End XCBuildConfiguration section */

/* Begin XCConfigurationList section */
		B6F165CD26544272005F9C03 /* Build configuration list for PBXProject "LockLine" */ = {
			isa = XCConfigurationList;
			buildConfigurations = (
				B6F165E52654427D005F9C03 /* Debug */,
				B6F165E62654427D005F9C03 /* Release */,
			);
			defaultConfigurationIsVisible = 0;
			defaultConfigurationName = Release;
		};
		B6F165E72654427D005F9C03 /* Build configuration list for PBXNativeTarget "LockLine" */ = {
			isa = XCConfigurationList;
			buildConfigurations = (
				B6F165E82654427D005F9C03 /* Debug */,
				B6F165E92654427D005F9C03 /* Release */,
			);
			defaultConfigurationIsVisible = 0;
			defaultConfigurationName = Release;
		};
/* End XCConfigurationList section */
	};
	rootObject = B6F165CA26544272005F9C03 /* Project object */;
}
